
Microsoft Visual Studio Solution File, Format Version 12.00
# Visual Studio Version 16
VisualStudioVersion = 16.0.31911.196
MinimumVisualStudioVersion = 10.0.40219.1
Project("{FAE04EC0-301F-11D3-BF4B-00C04F79EFBC}") = "Задание 22", "Задание 22\Задание 22.csproj", "{C77652B7-47D7-4FD2-AC8B-BC64E099B518}"
EndProject
Global
	GlobalSection(SolutionConfigurationPlatforms) = preSolution
		Debug|Any CPU = Debug|Any CPU
		Release|Any CPU = Release|Any CPU
	EndGlobalSection
	GlobalSection(ProjectConfigurationPlatforms) = postSolution
		{C77652B7-47D7-4FD2-AC8B-BC64E099B518}.Debug|Any CPU.ActiveCfg = Debug|Any CPU
		{C77652B7-47D7-4FD2-AC8B-BC64E099B518}.Debug|Any CPU.Build.0 = Debug|Any CPU
		{C77652B7-47D7-4FD2-AC8B-BC64E099B518}.Release|Any CPU.ActiveCfg = Release|Any CPU
		{C77652B7-47D7-4FD2-AC8B-BC64E099B518}.Release|Any CPU.Build.0 = Release|Any CPU
	EndGlobalSection
	GlobalSection(SolutionProperties) = preSolution
		HideSolutionNode = FALSE
	EndGlobalSection
	GlobalSection(ExtensibilityGlobals) = postSolution
		SolutionGuid = {E8F92F6E-0169-4787-99E5-7F42C6DF8150}
	EndGlobalSection
EndGlobal
